<Solution>
  <Folder Name="/src/">
    <Project Path="src/CloudEngAgent.Api/CloudEngAgent.Api.csproj" />
    <Project Path="src/CloudEngAgent.Application/CloudEngAgent.Application.csproj" />
    <Project Path="src/CloudEngAgent.Domain/CloudEngAgent.Domain.csproj" />
    <Project Path="src/CloudEngAgent.Infrastructure/CloudEngAgent.Infrastructure.csproj" />
    <Project Path="src/CloudEngAgent.Mcp.Server/CloudEngAgent.Mcp.Server.csproj" />
  </Folder>
  <Folder Name="/tests/">
    <Project Path="tests/CloudEngAgent.Api.Tests/CloudEngAgent.Api.Tests.csproj" />
    <Project Path="tests/CloudEngAgent.Domain.Tests/CloudEngAgent.Domain.Tests.csproj" />
    <Project Path="tests/CloudEngAgent.Infrastructure.Tests/CloudEngAgent.Infrastructure.Tests.csproj" />
    <Project Path="tests/CloudEngAgent.Mcp.Server.Tests/CloudEngAgent.Mcp.Server.Tests.csproj" />
  </Folder>
</Solution>
